{
  "name": "@msinternal/mcp-esm",
  "version": "0.0.0-0",
  "lockfileVersion": 3,
  "requires": true,
  "packages": {
    "": {
      "name": "@msinternal/mcp-esm",
      "version": "0.0.0-0",
      "license": "MIT",
      "dependencies": {
        "unenv": "^2.0.0-rc.24"
      },
      "devDependencies": {
        "h3": "^2.0.1-rc.14",
        "pathe": "^2.0.3"
      }
    },
    "node_modules/h3": {
      "version": "2.0.1-rc.14",
      "resolved": "https://registry.npmjs.org/h3/-/h3-2.0.1-rc.14.tgz",
      "integrity": "sha512-163qbGmTr/9rqQRNuqMqtgXnOUAkE4KTdauiC9y0E5iG1I65kte9NyfWvZw5RTDMt6eY+DtyoNzrQ9wA2BfvGQ==",
      "dev": true,
      "license": "MIT",
      "dependencies": {
        "rou3": "^0.7.12",
        "srvx": "^0.11.2"
      },
      "bin": {
        "h3": "bin/h3.mjs"
      },
      "engines": {
        "node": ">=20.11.1"
      },
      "peerDependencies": {
        "crossws": "^0.4.1"
      },
      "peerDependenciesMeta": {
        "crossws": {
          "optional": true
        }
      }
    },
    "node_modules/pathe": {
      "version": "2.0.3",
      "resolved": "https://registry.npmjs.org/pathe/-/pathe-2.0.3.tgz",
      "integrity": "sha512-WUjGcAqP1gQacoQe+OBJsFA7Ld4DyXuUIjZ5cc75cLHvJ7dtNsTugphxIADwspS+AraAUePCKrSVtPLFj/F88w==",
      "license": "MIT"
    },
    "node_modules/rou3": {
      "version": "0.7.12",
      "resolved": "https://registry.npmjs.org/rou3/-/rou3-0.7.12.tgz",
      "integrity": "sha512-iFE4hLDuloSWcD7mjdCDhx2bKcIsYbtOTpfH5MHHLSKMOUyjqQXTeZVa289uuwEGEKFoE/BAPbhaU4B774nceg==",
      "dev": true,
      "license": "MIT"
    },
    "node_modules/srvx": {
      "version": "0.11.4",
      "resolved": "https://registry.npmjs.org/srvx/-/srvx-0.11.4.tgz",
      "integrity": "sha512-m/2p87bqWZ94xpRN06qNBwh0xq/D0dXajnvPDSHFqrTogxuTWYNP1UHz6Cf+oY7D+NPLY35TJAp4ESIKn0WArQ==",
      "dev": true,
      "license": "MIT",
      "bin": {
        "srvx": "bin/srvx.mjs"
      },
      "engines": {
        "node": ">=20.16.0"
      }
    },
    "node_modules/unenv": {
      "version": "2.0.0-rc.24",
      "resolved": "https://registry.npmjs.org/unenv/-/unenv-2.0.0-rc.24.tgz",
      "integrity": "sha512-i7qRCmY42zmCwnYlh9H2SvLEypEFGye5iRmEMKjcGi7zk9UquigRjFtTLz0TYqr0ZGLZhaMHl/foy1bZR+Cwlw==",
      "license": "MIT",
      "dependencies": {
        "pathe": "^2.0.3"
      }
    }
  }
}
